version: 6
environments:
  default:
    channels:
    - url: https://conda.anaconda.org/conda-forge/
    options:
      pypi-prerelease-mode: if-necessary-or-explicit
    packages:
      osx-arm64:
      - conda: https://conda.anaconda.org/conda-forge/osx-arm64/_openmp_mutex-4.5-7_kmp_llvm.conda
      - conda: https://conda.anaconda.org/conda-forge/osx-arm64/bzip2-1.0.8-h4e30115_10.conda
      - conda: https://conda.anaconda.org/conda-forge/noarch/ca-certificates-2026.7.22-hbd8a1cb_0.conda
      - conda: https://conda.anaconda.org/conda-forge/osx-arm64/cctools-1030.6.3-llvm22_1_hbe26303_6.conda
      - conda: https://conda.anaconda.org/conda-forge/osx-arm64/cctools_impl_osx-arm64-1030.6.3-llvm22_1_he9db816_6.conda
      - conda: https://conda.anaconda.org/conda-forge/osx-arm64/cctools_osx-arm64-1030.6.3-llvm22_1_hbe26303_6.conda
      - conda: https://conda.anaconda.org/conda-forge/osx-arm64/clang-22-22.1.8-default_h54a73ef_9.conda
      - conda: https://conda.anaconda.org/conda-forge/osx-arm64/clang-22.1.8-default_cfg_ha85103e_9.conda
      - conda: https://conda.anaconda.org/conda-forge/osx-arm64/clang_impl_osx-arm64-22.1.8-default_h79071a4_9.conda
      - conda: https://conda.anaconda.org/conda-forge/osx-arm64/compiler-rt-22.1.8-hce30654_2.conda
      - conda: https://conda.anaconda.org/conda-forge/osx-arm64/compiler-rt22-22.1.8-hdb3d66b_2.conda
      - conda: https://conda.anaconda.org/conda-forge/noarch/compiler-rt22_osx-arm64-22.1.8-hb8825d9_2.conda
      - conda: https://conda.anaconda.org/conda-forge/noarch/compiler-rt_osx-arm64-22.1.8-hce30654_2.conda
      - conda: https://conda.anaconda.org/conda-forge/osx-arm64/conda-gcc-specs-16.2.0-hff6d3be_4.conda
      - conda: https://conda.anaconda.org/conda-forge/osx-arm64/fpm-0.13.0-h00726df_0.conda
      - conda: https://conda.anaconda.org/conda-forge/osx-arm64/gcc-16.2.0-h500d687_4.conda
      - conda: https://conda.anaconda.org/conda-forge/osx-arm64/gcc_impl_osx-arm64-16.2.0-hff32234_4.conda
      - conda: https://conda.anaconda.org/conda-forge/osx-arm64/gfortran-16.2.0-h500d687_4.conda
      - conda: https://conda.anaconda.org/conda-forge/osx-arm64/gfortran_impl_osx-arm64-16.2.0-h9997696_4.conda
      - conda: https://conda.anaconda.org/conda-forge/osx-arm64/icu-78.3-py310h579977c_2.conda
      - conda: https://conda.anaconda.org/conda-forge/osx-arm64/lcov-2.5-h820172f_0.conda
      - conda: https://conda.anaconda.org/conda-forge/osx-arm64/ld64-956.6-llvm22_1_h5b97f1b_6.conda
      - conda: https://conda.anaconda.org/conda-forge/osx-arm64/ld64_osx-arm64-956.6-llvm22_1_hf30805f_6.conda
      - conda: https://conda.anaconda.org/conda-forge/osx-arm64/libclang-cpp22.1-22.1.8-default_h79071a4_9.conda
      - conda: https://conda.anaconda.org/conda-forge/osx-arm64/libcompiler-rt-22.1.8-hdb3d66b_2.conda
      - conda: https://conda.anaconda.org/conda-forge/osx-arm64/libcxx-23.1.0-h55c6f16_0.conda
      - conda: https://conda.anaconda.org/conda-forge/osx-arm64/libexpat-2.8.1-hf6b4638_1.conda
      - conda: https://conda.anaconda.org/conda-forge/osx-arm64/libffi-3.7.0-h47dc5ef_1.conda
      - conda: https://conda.anaconda.org/conda-forge/osx-arm64/libgcc-16.2.0-h3cf6597_4.conda
      - conda: https://conda.anaconda.org/conda-forge/noarch/libgcc-devel_osx-arm64-16.2.0-ha15413b_104.conda
      - conda: https://conda.anaconda.org/conda-forge/osx-arm64/libgfortran-16.2.0-h07b0088_4.conda
      - conda: https://conda.anaconda.org/conda-forge/osx-arm64/libgfortran5-16.2.0-hdb7a957_4.conda
      - conda: https://conda.anaconda.org/conda-forge/osx-arm64/libiconv-1.18-he4c29f2_3.conda
      - conda: https://conda.anaconda.org/conda-forge/osx-arm64/libllvm22-22.1.8-h759d1ac_2.conda
      - conda: https://conda.anaconda.org/conda-forge/osx-arm64/liblzma-5.8.3-h8088a28_1.conda
      - conda: https://conda.anaconda.org/conda-forge/osx-arm64/libmpdec-4.0.0-h84a0fba_2.conda
      - conda: https://conda.anaconda.org/conda-forge/osx-arm64/libpython-3.14.7-h4311e70_101_cp314.conda
      - conda: https://conda.anaconda.org/conda-forge/osx-arm64/libsigtool-0.1.3-h98dc951_1.conda
      - conda: https://conda.anaconda.org/conda-forge/osx-arm64/libsqlite-3.53.4-hca69786_1.conda
      - conda: https://conda.anaconda.org/conda-forge/osx-arm64/libxml2-16-2.15.3-h5ef1a60_1.conda
      - conda: https://conda.anaconda.org/conda-forge/osx-arm64/libxml2-2.15.3-h5654f7c_1.conda
      - conda: https://conda.anaconda.org/conda-forge/osx-arm64/libzlib-1.3.2-h8088a28_3.conda
      - conda: https://conda.anaconda.org/conda-forge/osx-arm64/llvm-openmp-23.1.0-hdb3d66b_0.conda
      - conda: https://conda.anaconda.org/conda-forge/osx-arm64/llvm-tools-22-22.1.8-h79441dc_2.conda
      - conda: https://conda.anaconda.org/conda-forge/osx-arm64/llvm-tools-22.1.8-hdb3d66b_2.conda
      - conda: https://conda.anaconda.org/conda-forge/osx-arm64/ncurses-6.6-he64c551_1.conda
      - conda: https://conda.anaconda.org/conda-forge/osx-arm64/openssl-3.6.4-h55eecbc_0.conda
      - conda: https://conda.anaconda.org/conda-forge/osx-arm64/perl-5.32.1-7_h4614cfb_perl5.conda
      - conda: https://conda.anaconda.org/conda-forge/osx-arm64/perl-capture-tiny-0.48-pl5321hce30654_1.tar.bz2
      - conda: https://conda.anaconda.org/conda-forge/osx-arm64/perl-devel-stacktrace-2.04-pl5321ha040cf9_0.conda
      - conda: https://conda.anaconda.org/conda-forge/osx-arm64/python-3.14.7-h0ae1c2c_101_cp314.conda
      - conda: https://conda.anaconda.org/conda-forge/noarch/python_abi-3.14-8_cp314.conda
      - conda: https://conda.anaconda.org/conda-forge/osx-arm64/readline-8.3-h8b90a29_1.conda
      - conda: https://conda.anaconda.org/conda-forge/osx-arm64/sigtool-codesign-0.1.3-h98dc951_1.conda
      - conda: https://conda.anaconda.org/conda-forge/osx-arm64/tapi-1600.0.11.8-hb561403_3.conda
      - conda: https://conda.anaconda.org/conda-forge/osx-arm64/tk-8.6.13-hbeba79b_4.conda
      - conda: https://conda.anaconda.org/conda-forge/noarch/tzdata-2026c-h151e31d_0.conda
      - conda: https://conda.anaconda.org/conda-forge/noarch/xlsxwriter-3.2.9-pyhd8ed1ab_0.conda
      - conda: https://conda.anaconda.org/conda-forge/osx-arm64/zstd-1.5.7-hf451053_7.conda
packages:
- conda: https://conda.anaconda.org/conda-forge/osx-arm64/_openmp_mutex-4.5-7_kmp_llvm.conda
  build_number: 7
  sha256: 7acaa2e0782cad032bdaf756b536874346ac1375745fb250e9bdd6a48a7ab3cd
  md5: a44032f282e7d2acdeb1c240308052dd
  depends:
  - llvm-openmp >=9.0.1
  license: BSD-3-Clause
  license_family: BSD
  size: 8325
  timestamp: 1764092507920
- conda: https://conda.anaconda.org/conda-forge/osx-arm64/bzip2-1.0.8-h4e30115_10.conda
  sha256: 8ec22f0ba25cbfc2e64d70cf29459eccd7ffdf6436f6a6ff15bbfef799f7d4f6
  md5: b50612e7d190b8061ab4e7dc119cf4d5
  depends:
  - __osx >=11.0
  license: bzip2-1.0.6
  license_family: BSD
  size: 124965
  timestamp: 1785906749812
- conda: https://conda.anaconda.org/conda-forge/noarch/ca-certificates-2026.7.22-hbd8a1cb_0.conda
  sha256: 0a0544cf95f64394fe4959286f5c71f5444ad58feb0602e53becb27448d24da6
  md5: 0f51e2391ade309db462a55611263e9c
  depends:
  - __unix
  license: ISC
  size: 131780
  timestamp: 1784754889428
- conda: https://conda.anaconda.org/conda-forge/osx-arm64/cctools-1030.6.3-llvm22_1_hbe26303_6.conda
  sha256: ccd36657e3827f31c3178cdcd5aeb8bfbcf88c88f7d95cc45d57e15dfbda5b2b
  md5: 233521d0cfed78f0f6948a43f87c43f9
  depends:
  - cctools_impl_osx-arm64 1030.6.3 llvm22_1_he9db816_6
  - ld64 956.6 llvm22_1_h5b97f1b_6
  - libllvm22 >=22.1.8,<22.2.0a0
  license: APSL-2.0
  license_family: Other
  size: 24212
  timestamp: 1787724419398
- conda: https://conda.anaconda.org/conda-forge/osx-arm64/cctools_impl_osx-arm64-1030.6.3-llvm22_1_he9db816_6.conda
  sha256: 64574fe7f951de7b5db1e2b8e060a491c9db3fedcc7f7be7a23358bee87a80b3
  md5: 5f6faaf53b8a59edaf218e779d1284de
  depends:
  - __osx >=11.0
  - ld64_osx-arm64 >=956.6,<956.7.0a0
  - libcxx
  - libllvm22 >=22.1.8,<22.2.0a0
  - libzlib >=1.3.2,<2.0a0
  - llvm-tools 22.1.*
  - sigtool-codesign
  constrains:
  - cctools 1030.6.3.*
  - clang 22.1.*
  - ld64 956.6.*
  license: APSL-2.0
  license_family: Other
  size: 762321
  timestamp: 1787724408507
- conda: https://conda.anaconda.org/conda-forge/osx-arm64/cctools_osx-arm64-1030.6.3-llvm22_1_hbe26303_6.conda
  sha256: da1d1186c6d1bb4d899743c512a1bf103058e2f3980313d9c02da998a149d4df
  md5: 0a9f3301e65cecb6a588df083a06bbea
  depends:
  - cctools_impl_osx-arm64 1030.6.3 llvm22_1_he9db816_6
  - ld64_osx-arm64 956.6 llvm22_1_hf30805f_6
  constrains:
  - cctools 1030.6.3.*
  license: APSL-2.0
  license_family: Other
  size: 23488
  timestamp: 1787724422134
- conda: https://conda.anaconda.org/conda-forge/osx-arm64/clang-22.1.8-default_cfg_ha85103e_9.conda
  sha256: 16f156f01b08812632a7cbab32b89744fc67049cd8a304c5c18b7e33137c55ce
  md5: a43e75e98ff89a12eb00c4ff8c129708
  depends:
  - clang-22 ==22.1.8 default_*
  - llvm-openmp >=22.1.8
  - clang_impl_osx-arm64 ==22.1.8 default_h79071a4_9
  - cctools
  - ld64
  - ld64_osx-arm64 * llvm22_1_*
  - llvm-tools ==22.1.8
  - __osx >=11.0
  license: Apache-2.0 WITH LLVM-exception
  license_family: APACHE
  size: 32197
  timestamp: 1787349779831
- conda: https://conda.anaconda.org/conda-forge/osx-arm64/clang-22-22.1.8-default_h54a73ef_9.conda
  sha256: 9a6cec88635856d7f62ca615c95e37f4674d8f0bf4ef8e7c39ffcf513aa1f76c
  md5: 46a43a8b768f4abd45995a0ec92581f3
  depends:
  - compiler-rt22 ==22.1.8
  - libclang-cpp22.1 ==22.1.8 default_h79071a4_9
  - libcxx >=22.1.8
  - __osx >=11.0
  - zstd >=1.5.7,<1.6.0a0
  - libxml2
  - libxml2-16 >=2.15.3
  - libzlib >=1.3.2,<2.0a0
  - libllvm22 >=22.1.8,<22.2.0a0
  - libclang-cpp22.1 >=22.1.8,<22.2.0a0
  license: Apache-2.0 WITH LLVM-exception
  license_family: APACHE
  size: 924796
  timestamp: 1787349779831
- conda: https://conda.anaconda.org/conda-forge/osx-arm64/clang_impl_osx-arm64-22.1.8-default_h79071a4_9.conda
  sha256: 36ac0e4d0430832b68f36e255fe53c9d07180d0cf756d14a600a7c377c007e79
  md5: 2aa1656f46395a10bb9e666b7398a368
  depends:
  - clang-22 ==22.1.8 default_*
  - compiler-rt_osx-arm64 ==22.1.8
  - compiler-rt ==22.1.8
  - cctools_impl_osx-arm64
  - ld64_osx-arm64 * llvm22_1_*
  - __osx >=11.0
  - zstd >=1.5.7,<1.6.0a0
  - libxml2
  - libxml2-16 >=2.15.3
  - libzlib >=1.3.2,<2.0a0
  license: Apache-2.0 WITH LLVM-exception
  license_family: APACHE
  size: 31777
  timestamp: 1787349779831
- conda: https://conda.anaconda.org/conda-forge/osx-arm64/compiler-rt-22.1.8-hce30654_2.conda
  sha256: 28c01956aefbe38a8bddde58bb2398789fd580ffb341a12c54f44a542fa1a358
  md5: fa14e650717aac340bcc3251bab8117b
  depends:
  - compiler-rt22 22.1.8 hdb3d66b_2
  - libcompiler-rt 22.1.8 hdb3d66b_2
  constrains:
  - clang 22.1.8
  license: Apache-2.0 WITH LLVM-exception
  license_family: APACHE
  size: 16634
  timestamp: 1787293624982
- conda: https://conda.anaconda.org/conda-forge/osx-arm64/compiler-rt22-22.1.8-hdb3d66b_2.conda
  sha256: cfa490c27082b9aca7a087548c2608daf5af2644f0eb8345fba7d4baa45fd03d
  md5: da9362e9de3e1f80c9786a268ff22bfa
  depends:
  - __osx >=11.0
  - compiler-rt22_osx-arm64 22.1.8.*
  license: Apache-2.0 WITH LLVM-exception
  license_family: APACHE
  size: 99807
  timestamp: 1787293624048
- conda: https://conda.anaconda.org/conda-forge/noarch/compiler-rt22_osx-arm64-22.1.8-hb8825d9_2.conda
  sha256: 016121f654e8052edf0e9912ab2f430c2d6ac93adc8cfd484318de6a656cd0c9
  md5: e603f604aa1e281db38ff849cc4e4c5d
  constrains:
  - compiler-rt >=9.0.1
  license: Apache-2.0 WITH LLVM-exception
  license_family: APACHE
  size: 10565200
  timestamp: 1787293602816
- conda: https://conda.anaconda.org/conda-forge/noarch/compiler-rt_osx-arm64-22.1.8-hce30654_2.conda
  sha256: 35a0429b875ff8252b173e4c0a3b028f58ea837da56b04e052ffc2c68c253633
  md5: 79874270cd835b658d889f4cd054677b
  depends:
  - compiler-rt22_osx-arm64 22.1.8 hb8825d9_2
  constrains:
  - clang 22.1.8
  license: Apache-2.0 WITH LLVM-exception
  license_family: APACHE
  size: 16768
  timestamp: 1787293624614
- conda: https://conda.anaconda.org/conda-forge/osx-arm64/conda-gcc-specs-16.2.0-hff6d3be_4.conda
  sha256: 3e9857fe13ea79b4f48313e011221bad5259bf2ab035f4dfa587665815dba305
  md5: eb1be9fbe9aefd80b67ad853fca97b03
  depends:
  - gcc_impl_osx-arm64 >=16.2.0,<16.2.1.0a0
  license: GPL-3.0-only WITH GCC-exception-3.1
  license_family: GPL
  size: 103843
  timestamp: 1787617549074
- conda: https://conda.anaconda.org/conda-forge/osx-arm64/fpm-0.13.0-h00726df_0.conda
  sha256: 3c36a16901ac65852ea6a9c03077d14de3e0c27fab8e540ee637736a07506e08
  md5: d8af5a4b1a791f2902122220b167cb08
  depends:
  - __osx >=11.0
  - libgfortran
  - libgfortran5 >=14.3.0
  - llvm-openmp >=19.1.7
  license: MIT
  license_family: MIT
  size: 1126641
  timestamp: 1771426377724
- conda: https://conda.anaconda.org/conda-forge/osx-arm64/gcc-16.2.0-h500d687_4.conda
  sha256: bd3019ed142a8b29717bc725ccfd34fa138f76d1e5da5907674f0e49db9e6d4e
  md5: 264f25362f0b49ac21986b6c2d5b8d8a
  depends:
  - conda-gcc-specs
  - gcc_impl_osx-arm64 16.2.0 hff32234_4
  license: BSD-3-Clause
  license_family: BSD
  size: 100765
  timestamp: 1787617638904
- conda: https://conda.anaconda.org/conda-forge/osx-arm64/gcc_impl_osx-arm64-16.2.0-hff32234_4.conda
  sha256: cf3dd0aef1fbe12d5e2d76384de4fac51a241060afbc1c365d00a46872ff68eb
  md5: f1481ed7dd02c940b4e7b24d8940f8f9
  depends:
  - cctools_osx-arm64
  - clang
  - ld64_osx-arm64
  - libgcc >=16.2.0
  - libgcc-devel_osx-arm64 16.2.0 ha15413b_104
  license: GPL-3.0-only WITH GCC-exception-3.1
  license_family: GPL
  size: 50657807
  timestamp: 1787617495910
- conda: https://conda.anaconda.org/conda-forge/osx-arm64/gfortran-16.2.0-h500d687_4.conda
  sha256: f4b42eb46ac0b5a014a9034a48a6418daa877848cc01ced0d2428b00e144a601
  md5: 597c55aad66bcbbdbc84089192c9e6ca
  depends:
  - conda-gcc-specs
  - gcc 16.2.0 h500d687_4
  - gcc_impl_osx-arm64 16.2.0 hff32234_4
  - gfortran_impl_osx-arm64 16.2.0 h9997696_4
  license: BSD-3-Clause
  license_family: BSD
  size: 100355
  timestamp: 1787617657595
- conda: https://conda.anaconda.org/conda-forge/osx-arm64/gfortran_impl_osx-arm64-16.2.0-h9997696_4.conda
  sha256: a18396b9839cfdcac5b95d9c2b3f4b48a9754a2516e8f181e0dc315f81da2b3b
  md5: e201e7718604e6c4a81644b7a0accd81
  depends:
  - gcc_impl_osx-arm64 16.2.0.*
  - libgcc >=16.2.0
  - libgfortran5 >=16.2.0
  license: GPL-3.0-only WITH GCC-exception-3.1
  license_family: GPL
  size: 13590888
  timestamp: 1787617586711
- conda: https://conda.anaconda.org/conda-forge/osx-arm64/icu-78.3-py310h579977c_2.conda
  sha256: 6cdb5dee54c72e56ab189fb3ad33cb28533553d42590e7e831160248f4416a43
  md5: a5efc0b42bb8b42e97d0a29ae3e3c187
  depends:
  - __osx >=11.0
  license: MIT
  license_family: MIT
  size: 14070242
  timestamp: 1786545847761
- conda: https://conda.anaconda.org/conda-forge/osx-arm64/lcov-2.5-h820172f_0.conda
  sha256: 08318c761074701ff6e7a26d7ac47a0b97ebc217d10c3735a0acdfdb6adb3a12
  md5: 56edf799c55b9d6f06788c353932b26f
  depends:
  - perl 5.*
  - python
  - xlsxwriter
  - perl-capture-tiny
  - perl-devel-stacktrace
  license: GPL-2.0-or-later
  license_family: GPL
  size: 3107132
  timestamp: 1787643693949
- conda: https://conda.anaconda.org/conda-forge/osx-arm64/ld64-956.6-llvm22_1_h5b97f1b_6.conda
  sha256: 268748b65984e6c7429ee5f00bdf4c48865813d7c111efb0c1ee45dec69bddf3
  md5: 6a9ec7c91de697f07cfd26df1487820b
  depends:
  - ld64_osx-arm64 956.6 llvm22_1_hf30805f_6
  - libllvm22 >=22.1.8,<22.2.0a0
  constrains:
  - cctools 1030.6.3.*
  - cctools_osx-arm64 1030.6.3.*
  license: APSL-2.0
  license_family: Other
  size: 21703
  timestamp: 1787724414240
- conda: https://conda.anaconda.org/conda-forge/osx-arm64/ld64_osx-arm64-956.6-llvm22_1_hf30805f_6.conda
  sha256: 875cf24cd8cdc49f47ca3ebd13116d20cd82dc4d3a016b970d638dee714e1cfb
  md5: f30fdc593ae66f0319087d778c613106
  depends:
  - __osx >=11.0
  - libcxx
  - libllvm22 >=22.1.8,<22.2.0a0
  - sigtool-codesign
  - tapi >=1600.0.11.8,<1601.0a0
  constrains:
  - cctools 1030.6.3.*
  - cctools_impl_osx-arm64 1030.6.3.*
  - clang 22.1.*
  - ld64 956.6.*
  license: APSL-2.0
  license_family: Other
  size: 980553
  timestamp: 1787724392778
- conda: https://conda.anaconda.org/conda-forge/osx-arm64/libclang-cpp22.1-22.1.8-default_h79071a4_9.conda
  sha256: dee9afef1b1e45bb2fa7fed485d095e3184a34cc06697ca3df7b46b5cb618f7b
  md5: 55ee288cf2d7e6d4581a714f7da59914
  depends:
  - libcxx >=22.1.8
  - __osx >=11.0
  - zstd >=1.5.7,<1.6.0a0
  - libxml2
  - libxml2-16 >=2.15.3
  - libzlib >=1.3.2,<2.0a0
  - libllvm22 >=22.1.8,<22.2.0a0
  license: Apache-2.0 WITH LLVM-exception
  license_family: APACHE
  size: 15941619
  timestamp: 1787349779831
- conda: https://conda.anaconda.org/conda-forge/osx-arm64/libcompiler-rt-22.1.8-hdb3d66b_2.conda
  sha256: ed70856638465fa1e3dbce41b7512425a63789774368e4b9878249517daeecad
  md5: 1ea9adef104f7304dc445153f1f19274
  depends:
  - __osx >=11.0
  constrains:
  - compiler-rt >=9.0.1
  license: Apache-2.0 WITH LLVM-exception
  license_family: APACHE
  size: 1374400
  timestamp: 1787293619574
- conda: https://conda.anaconda.org/conda-forge/osx-arm64/libcxx-23.1.0-h55c6f16_0.conda
  sha256: d3e5f0b767964af25ef81edffc002f8e822b1a5c55330da1ae3a857f70c4e4ee
  md5: 5303ba06fab927399ed8dfb3227b0af8
  depends:
  - __osx >=11.0
  license: Apache-2.0 WITH LLVM-exception
  license_family: Apache
  size: 575940
  timestamp: 1787698697875
- conda: https://conda.anaconda.org/conda-forge/osx-arm64/libexpat-2.8.1-hf6b4638_1.conda
  sha256: 5af74261101e3c777399c6294b2b5d290e508153268eb2e9ff99c4d69834612f
  md5: a915151d5d3c5bf039f5ccc8402a436f
  depends:
  - __osx >=11.0
  constrains:
  - expat 2.8.1.*
  license: MIT
  license_family: MIT
  size: 69362
  timestamp: 1781203631990
- conda: https://conda.anaconda.org/conda-forge/osx-arm64/libffi-3.7.0-h47dc5ef_1.conda
  sha256: 2783389a7b9dda04c62cc54c6bbeb03dd3cef24b3fc642715d02a3fa19464a9a
  md5: 216bbcc23c11e9695b3db4a8771d76eb
  depends:
  - __osx >=11.0
  license: MIT
  license_family: MIT
  size: 43637
  timestamp: 1787753403688
- conda: https://conda.anaconda.org/conda-forge/osx-arm64/libgcc-16.2.0-h3cf6597_4.conda
  sha256: 00b8d07ea98344c72c6e332a09b8060f4176849d5fd0eb78dd5b30176ad97ca4
  md5: 408af8d9d5226ff45ff04756ff1aa91e
  depends:
  - _openmp_mutex
  constrains:
  - libgcc-ng ==16.2.0=*_4
  - libgomp 16.2.0 4
  license: GPL-3.0-only WITH GCC-exception-3.1
  license_family: GPL
  size: 365758
  timestamp: 1787617459249
- conda: https://conda.anaconda.org/conda-forge/noarch/libgcc-devel_osx-arm64-16.2.0-ha15413b_104.conda
  sha256: e32effc165bfb1fcbf4794cb5286fca86c649de37eb0348240aeffab3fd3e760
  md5: e597956d9e2cd1f5c346b13c54f12199
  depends:
  - __unix
  license: GPL-3.0-only WITH GCC-exception-3.1
  license_family: GPL
  size: 2132133
  timestamp: 1787617452248
- conda: https://conda.anaconda.org/conda-forge/osx-arm64/libgfortran-16.2.0-h07b0088_4.conda
  sha256: 7582efbbffc6964093afd80e01c2ac60d89aa4e404cac664544675b9d4d1c5e7
  md5: aa6c627acd0f5709d9c79bf708a7b81b
  depends:
  - libgfortran5 16.2.0 hdb7a957_4
  constrains:
  - libgfortran-ng ==16.2.0=*_4
  license: GPL-3.0-only WITH GCC-exception-3.1
  license_family: GPL
  size: 99624
  timestamp: 1787617544212
- conda: https://conda.anaconda.org/conda-forge/osx-arm64/libgfortran5-16.2.0-hdb7a957_4.conda
  sha256: 902719c38c7a390d305435a362dc83893754c3f933569a38347c434cd1c12540
  md5: d54390644d893d50e739b19145aae45f
  depends:
  - libgcc >=16.2.0
  constrains:
  - libgfortran 16.2.0
  license: GPL-3.0-only WITH GCC-exception-3.1
  license_family: GPL
  size: 554806
  timestamp: 1787617465010
- conda: https://conda.anaconda.org/conda-forge/osx-arm64/libiconv-1.18-he4c29f2_3.conda
  sha256: 689a14968267f2f97c07112fca5636e7d756036b9aee969911267c20bd3eea1f
  md5: 17f4744c0873e9f77ac9b5cd0a27c187
  depends:
  - __osx >=11.0
  license: LGPL-2.1-only
  size: 750816
  timestamp: 1787033961086
- conda: https://conda.anaconda.org/conda-forge/osx-arm64/libllvm22-22.1.8-h759d1ac_2.conda
  sha256: 0d9f5b0d13e3b6b94132ebe5ce79edbd7790e089249852ce3e061888f1b0a0c5
  md5: 6f1791ed2becb128eb25d6819fea99b6
  depends:
  - __osx >=11.0
  - libcxx >=21
  - libxml2
  - libxml2-16 >=2.15.3
  - libzlib >=1.3.2,<2.0a0
  - zstd >=1.5.7,<1.6.0a0
  license: Apache-2.0 WITH LLVM-exception
  license_family: Apache
  size: 30239322
  timestamp: 1787282732568
- conda: https://conda.anaconda.org/conda-forge/osx-arm64/liblzma-5.8.3-h8088a28_1.conda
  sha256: 23d0630046a3e8b164d8f80f2b74ed2605af2e7050ab9913018056402fae4311
  md5: 8ab10323068b107661a4b9a4af84f3b5
  depends:
  - __osx >=11.0
  constrains:
  - xz 5.8.3.*
  license: 0BSD
  size: 91720
  timestamp: 1786348695846
- conda: https://conda.anaconda.org/conda-forge/osx-arm64/libmpdec-4.0.0-h84a0fba_2.conda
  sha256: 04cc136c5a956a73aa14e0a160b5822b0b29714e67b299fa1b1fd16dbcba5366
  md5: ff33a4dbd93abc8a798cc4e0e7c8136d
  depends:
  - __osx >=11.0
  license: BSD-2-Clause
  license_family: BSD
  size: 73289
  timestamp: 1786651074391
- conda: https://conda.anaconda.org/conda-forge/osx-arm64/libpython-3.14.7-h4311e70_101_cp314.conda
  build_number: 101
  sha256: f5e8edc12f9cc8b579ef069d66a0194be0c580f88fa311fc05bcd03bfe3134e1
  md5: bc315b2c52bd63cdfdeaf5d876d367e3
  depends:
  - __osx >=11.0
  - libcxx >=20
  license: Python-2.0
  size: 1871060
  timestamp: 1787780039353
- conda: https://conda.anaconda.org/conda-forge/osx-arm64/libsigtool-0.1.3-h98dc951_1.conda
  sha256: fcfa03afe31f40dfabf011629d99836adbebbc3ed1b38c7e9eee9ffc7581975b
  md5: c70eb797aa92a294b09ef8f41f6bd578
  depends:
  - __osx >=11.0
  - openssl >=3.5.7,<4.0a0
  license: MIT
  license_family: MIT
  size: 36651
  timestamp: 1786115069018
- conda: https://conda.anaconda.org/conda-forge/osx-arm64/libsqlite-3.53.4-hca69786_1.conda
  sha256: 839b31d4830e896b4d315b551d27f2bb08026bc946df04bcc360d8627c3ba2cd
  md5: fde96d40ebe9a9cb34e4122380189ddb
  depends:
  - __osx >=11.0
  - icu >=78.3,<79.0a0
  - libzlib >=1.3.2,<2.0a0
  license: blessing
  size: 942754
  timestamp: 1787051243846
- conda: https://conda.anaconda.org/conda-forge/osx-arm64/libxml2-2.15.3-h5654f7c_1.conda
  sha256: ff1b70683ccb82f8aa7f3eda53405a2036d849daba4e4e622f330dcd49d37700
  md5: 06a3f8eb5cdde56b2d10b49ae3337954
  depends:
  - __osx >=11.0
  - icu >=78.3,<79.0a0
  - libiconv >=1.18,<2.0a0
  - liblzma >=5.8.3,<6.0a0
  - libxml2-16 2.15.3 h5ef1a60_1
  - libzlib >=1.3.2,<2.0a0
  license: MIT
  license_family: MIT
  size: 41264
  timestamp: 1787237585903
- conda: https://conda.anaconda.org/conda-forge/osx-arm64/libxml2-16-2.15.3-h5ef1a60_1.conda
  sha256: 2ca61d8287339c726b151fa612e83d2afa1418b89fa17694c873dc231bc9b077
  md5: f86c0b8ac5c866049717b55df1049c2c
  depends:
  - __osx >=11.0
  - icu >=78.3,<79.0a0
  - libiconv >=1.18,<2.0a0
  - liblzma >=5.8.3,<6.0a0
  - libzlib >=1.3.2,<2.0a0
  constrains:
  - libxml2 2.15.3
  license: MIT
  license_family: MIT
  size: 466188
  timestamp: 1787237580766
- conda: https://conda.anaconda.org/conda-forge/osx-arm64/libzlib-1.3.2-h8088a28_3.conda
  sha256: a18fa5d5bac452401459f966cf0d872224e8080c4ff93c77e168d43ab42ef9d7
  md5: f39288f0ea63ae962e1a2e4f355a0d75
  depends:
  - __osx >=11.0
  constrains:
  - zlib 1.3.2 *_3
  license: Zlib
  license_family: Other
  size: 47822
  timestamp: 1785277049190
- conda: https://conda.anaconda.org/conda-forge/osx-arm64/llvm-openmp-23.1.0-hdb3d66b_0.conda
  sha256: 996d3a9de61c8ccc3fcb265938f9845f11868251f38e6db4e7190de3f9a971a2
  md5: 0affff5130a421d11d4d77ffbb00dad7
  depends:
  - __osx >=11.0
  constrains:
  - intel-openmp <0.0a0
  - openmp 23.1.0|23.1.0.*
  license: Apache-2.0 WITH LLVM-exception
  license_family: APACHE
  size: 287808
  timestamp: 1787723323710
- conda: https://conda.anaconda.org/conda-forge/osx-arm64/llvm-tools-22.1.8-hdb3d66b_2.conda
  sha256: cf82447e24d3d46d7d17521ee8875eef6132313feda4f8dd2cfac989d5184189
  md5: 0b33be5a03e3f7ac75fdbbde668d8185
  depends:
  - __osx >=11.0
  - libllvm22 22.1.8 h759d1ac_2
  - llvm-tools-22 22.1.8 h79441dc_2
  constrains:
  - clang       22.1.8
  - clang-tools 22.1.8
  - llvm        22.1.8
  - llvmdev     22.1.8
  license: Apache-2.0 WITH LLVM-exception
  license_family: Apache
  size: 51998
  timestamp: 1787282867589
- conda: https://conda.anaconda.org/conda-forge/osx-arm64/llvm-tools-22-22.1.8-h79441dc_2.conda
  sha256: 7034bea200b67b6a1effbf350cb34518786715a2640247f85173d9ee4159ad11
  md5: dffb5b6ba46221e9c287d09721e8ac9f
  depends:
  - __osx >=11.0
  - libcxx >=21
  - libllvm22 22.1.8 h759d1ac_2
  - libzlib >=1.3.2,<2.0a0
  - zstd >=1.5.7,<1.6.0a0
  license: Apache-2.0 WITH LLVM-exception
  license_family: Apache
  size: 17968840
  timestamp: 1787282818022
- conda: https://conda.anaconda.org/conda-forge/osx-arm64/ncurses-6.6-he64c551_1.conda
  sha256: 7024a48c8c0d0114ed4ab53c76bf9275d50e91ba7cea367a9aead638d3c29c68
  md5: 3dfa0d0316dc246cd44937a557de4501
  depends:
  - __osx >=11.0
  license: X11 AND BSD-3-Clause
  size: 804298
  timestamp: 1786355189145
- conda: https://conda.anaconda.org/conda-forge/osx-arm64/openssl-3.6.4-h55eecbc_0.conda
  sha256: f23239eacd75c4c50705e68fae1aa3292da473e6a3a4abe2330f1e6afa680704
  md5: ae71ab40048c19a389a7dcccb86c2481
  depends:
  - __osx >=11.0
  - ca-certificates
  license: Apache-2.0
  license_family: Apache
  size: 3110142
  timestamp: 1787698648639
- conda: https://conda.anaconda.org/conda-forge/osx-arm64/perl-5.32.1-7_h4614cfb_perl5.conda
  build_number: 7
  sha256: b0c55040d2994fd6bf2f83786561d92f72306d982d6ea12889acad24a9bf43b8
  md5: ba3cbe93f99e896765422cc5f7c3a79e
  license: GPL-1.0-or-later OR Artistic-1.0-Perl
  size: 14439531
  timestamp: 1703311335652
- conda: https://conda.anaconda.org/conda-forge/osx-arm64/perl-capture-tiny-0.48-pl5321hce30654_1.tar.bz2
  sha256: 16bd59b9fd3dcd7f54c70844d6227c4811b317ac4530d48b48f4f8374277cb72
  md5: aa3af199b5675fa543e985c7e5d2e625
  depends:
  - perl >=5.32.1,<5.33.0a0 *_perl5
  license: Artistic-2.0
  size: 16478
  timestamp: 1655720247857
- conda: https://conda.anaconda.org/conda-forge/osx-arm64/perl-devel-stacktrace-2.04-pl5321ha040cf9_0.conda
  sha256: b963b564b2f8004ff978a96165f5a9c5249eec382ded5aeae7b26a45eee8e575
  md5: 850d67c0aac1222d3b67dc0164ba051d
  depends:
  - perl >=5.32.1,<5.33.0a0 *_perl5
  license: Artistic-2.0
  size: 20146
  timestamp: 1745394687575
- conda: https://conda.anaconda.org/conda-forge/osx-arm64/python-3.14.7-h0ae1c2c_101_cp314.conda
  build_number: 101
  sha256: 7d7ce17a7465af42e1b294ec8ad9a6abcb95aa386d36f98f005827707065503b
  md5: 0fd839088e7e25ea3f99c38fc791f578
  depends:
  - __osx >=11.0
  - bzip2 >=1.0.8,<2.0a0
  - libexpat >=2.8.1,<3.0a0
  - libffi >=3.7.0,<3.8.0a0
  - liblzma >=5.8.3,<6.0a0
  - libmpdec >=4.0.0,<5.0a0
  - libpython 3.14.7 h4311e70_101_cp314
  - libsqlite >=3.53.4,<4.0a0
  - libzlib >=1.3.2,<2.0a0
  - ncurses >=6.6,<7.0a0
  - openssl >=3.5.8,<4.0a0
  - python_abi 3.14.* *_cp314
  - readline >=8.3,<9.0a0
  - tk >=8.6.13,<8.7.0a0
  - tzdata
  - zstd >=1.5.7,<1.6.0a0
  license: Python-2.0
  size: 12367957
  timestamp: 1787780073812
  python_site_packages_path: lib/python3.14/site-packages
- conda: https://conda.anaconda.org/conda-forge/noarch/python_abi-3.14-8_cp314.conda
  build_number: 8
  sha256: ad6d2e9ac39751cc0529dd1566a26751a0bf2542adb0c232533d32e176e21db5
  md5: 0539938c55b6b1a59b560e843ad864a4
  constrains:
  - python 3.14.* *_cp314
  license: BSD-3-Clause
  license_family: BSD
  size: 6989
  timestamp: 1752805904792
- conda: https://conda.anaconda.org/conda-forge/osx-arm64/readline-8.3-h8b90a29_1.conda
  sha256: d6782b430e6dce4fe8c7ac118cd988d5a193eb4a7f60741edfaede58016b6110
  md5: 9347fd56a002e6b58946831d48fe62f6
  depends:
  - __osx >=11.0
  - ncurses >=6.6,<7.0a0
  license: GPL-3.0-only
  license_family: GPL
  size: 314395
  timestamp: 1787033878899
- conda: https://conda.anaconda.org/conda-forge/osx-arm64/sigtool-codesign-0.1.3-h98dc951_1.conda
  sha256: 7efd6d7d18bf9cc5788bfe1c1e1620d9dbbe00a81c646814929a82ff31944cf3
  md5: a322c0a0d3b5be99ee11f9ccec99b60e
  depends:
  - __osx >=11.0
  - libsigtool 0.1.3 h98dc951_1
  - openssl >=3.5.7,<4.0a0
  license: MIT
  license_family: MIT
  size: 114653
  timestamp: 1786115093248
- conda: https://conda.anaconda.org/conda-forge/osx-arm64/tapi-1600.0.11.8-hb561403_3.conda
  sha256: 9f1cc109e6e57861110e9de6e03beca7fd2b7fbdb46124cccc07990b0844d88a
  md5: 0676b8719dd1e9bb1003e59a481c6c3e
  depends:
  - libcxx >=19.0.0.a0
  - __osx >=11.0
  - ncurses >=6.6,<7.0a0
  license: NCSA
  size: 200397
  timestamp: 1785906507697
- conda: https://conda.anaconda.org/conda-forge/osx-arm64/tk-8.6.13-hbeba79b_4.conda
  sha256: 857d89087ae7f2c328cf256728affcb7343031a148b4af847334d248a9cf564c
  md5: 90a01bf394d1c594e0eb9258f967d828
  depends:
  - __osx >=11.0
  - libzlib >=1.3.2,<2.0a0
  license: TCL
  size: 3342183
  timestamp: 1787272852357
- conda: https://conda.anaconda.org/conda-forge/noarch/tzdata-2026c-h151e31d_0.conda
  sha256: b928c30ddcb0e3f544c6eade8352737e6e610e263276b90232db6a578ef899d8
  md5: fcb489df604d100968b737f2cb6076c6
  license: LicenseRef-Public-Domain
  size: 118849
  timestamp: 1784250406640
- conda: https://conda.anaconda.org/conda-forge/noarch/xlsxwriter-3.2.9-pyhd8ed1ab_0.conda
  sha256: 6ed46549d156bc109803f43fd0c336bc4604aabdeee3de2a6e8ce3eff25b1a60
  md5: fa127b9f29f64174437524d0d61432f4
  depends:
  - python >=3.10
  license: BSD-2-Clause
  license_family: BSD
  size: 133826
  timestamp: 1760304475989
- conda: https://conda.anaconda.org/conda-forge/osx-arm64/zstd-1.5.7-hf451053_7.conda
  sha256: da867f5092eb0cb746d353694f0098031fd9817a4ce7d5743121209ae0f406ca
  md5: 4ec2684c73812cc2c3d78379384a39cc
  depends:
  - __osx >=11.0
  - libzlib >=1.3.2,<2.0a0
  license: BSD-3-Clause
  license_family: BSD
  size: 433687
  timestamp: 1786599629846
